
Microsoft Visual Studio Solution File, Format Version 12.00
Project("{FAE04EC0-301F-11D3-BF4B-00C04F79EFBC}") = "OhmsND.API", "OhmsND.API\OhmsND.API.csproj", "{7BA73A2B-FC66-49F9-B49E-2220574F7617}"
EndProject
Project("{FAE04EC0-301F-11D3-BF4B-00C04F79EFBC}") = "OhmsND.Core", "OhmsND.Core\OhmsND.Core.csproj", "{1D0AF419-109A-4A9D-BD0C-D0B30829FD4B}"
EndProject
Project("{FAE04EC0-301F-11D3-BF4B-00C04F79EFBC}") = "OhmsND.Infrastructure", "OhmsND.Infrastructure\OhmsND.Infrastructure.csproj", "{FD00B4EA-1281-4F1C-B4EF-8F9AD25D76F7}"
EndProject
Project("{FAE04EC0-301F-11D3-BF4B-00C04F79EFBC}") = "OhmsND.Infrastructure.Abstractions", "OhmsND.Infrastructure.Abstractions\OhmsND.Infrastructure.Abstractions.csproj", "{8A5EE9A7-E425-41F4-8D24-21734545E115}"
EndProject
Project("{FAE04EC0-301F-11D3-BF4B-00C04F79EFBC}") = "OhmsND.Domain", "OhmsND.Domain\OhmsND.Domain.csproj", "{BCE224C2-BA6D-42B3-875E-A2E6E1154E4C}"
EndProject
Project("{FAE04EC0-301F-11D3-BF4B-00C04F79EFBC}") = "OhmsND.Models", "OhmsND.Models\OhmsND.Models.csproj", "{0CCFDA86-8811-4C3B-9FC4-29540E66FA00}"
EndProject
Global
	GlobalSection(SolutionConfigurationPlatforms) = preSolution
		Debug|Any CPU = Debug|Any CPU
		Release|Any CPU = Release|Any CPU
	EndGlobalSection
	GlobalSection(ProjectConfigurationPlatforms) = postSolution
		{7BA73A2B-FC66-49F9-B49E-2220574F7617}.Debug|Any CPU.ActiveCfg = Debug|Any CPU
		{7BA73A2B-FC66-49F9-B49E-2220574F7617}.Debug|Any CPU.Build.0 = Debug|Any CPU
		{7BA73A2B-FC66-49F9-B49E-2220574F7617}.Release|Any CPU.ActiveCfg = Release|Any CPU
		{7BA73A2B-FC66-49F9-B49E-2220574F7617}.Release|Any CPU.Build.0 = Release|Any CPU
		{1D0AF419-109A-4A9D-BD0C-D0B30829FD4B}.Debug|Any CPU.ActiveCfg = Debug|Any CPU
		{1D0AF419-109A-4A9D-BD0C-D0B30829FD4B}.Debug|Any CPU.Build.0 = Debug|Any CPU
		{1D0AF419-109A-4A9D-BD0C-D0B30829FD4B}.Release|Any CPU.ActiveCfg = Release|Any CPU
		{1D0AF419-109A-4A9D-BD0C-D0B30829FD4B}.Release|Any CPU.Build.0 = Release|Any CPU
		{FD00B4EA-1281-4F1C-B4EF-8F9AD25D76F7}.Debug|Any CPU.ActiveCfg = Debug|Any CPU
		{FD00B4EA-1281-4F1C-B4EF-8F9AD25D76F7}.Debug|Any CPU.Build.0 = Debug|Any CPU
		{FD00B4EA-1281-4F1C-B4EF-8F9AD25D76F7}.Release|Any CPU.ActiveCfg = Release|Any CPU
		{FD00B4EA-1281-4F1C-B4EF-8F9AD25D76F7}.Release|Any CPU.Build.0 = Release|Any CPU
		{8A5EE9A7-E425-41F4-8D24-21734545E115}.Debug|Any CPU.ActiveCfg = Debug|Any CPU
		{8A5EE9A7-E425-41F4-8D24-21734545E115}.Debug|Any CPU.Build.0 = Debug|Any CPU
		{8A5EE9A7-E425-41F4-8D24-21734545E115}.Release|Any CPU.ActiveCfg = Release|Any CPU
		{8A5EE9A7-E425-41F4-8D24-21734545E115}.Release|Any CPU.Build.0 = Release|Any CPU
		{BCE224C2-BA6D-42B3-875E-A2E6E1154E4C}.Debug|Any CPU.ActiveCfg = Debug|Any CPU
		{BCE224C2-BA6D-42B3-875E-A2E6E1154E4C}.Debug|Any CPU.Build.0 = Debug|Any CPU
		{BCE224C2-BA6D-42B3-875E-A2E6E1154E4C}.Release|Any CPU.ActiveCfg = Release|Any CPU
		{BCE224C2-BA6D-42B3-875E-A2E6E1154E4C}.Release|Any CPU.Build.0 = Release|Any CPU
		{0CCFDA86-8811-4C3B-9FC4-29540E66FA00}.Debug|Any CPU.ActiveCfg = Debug|Any CPU
		{0CCFDA86-8811-4C3B-9FC4-29540E66FA00}.Debug|Any CPU.Build.0 = Debug|Any CPU
		{0CCFDA86-8811-4C3B-9FC4-29540E66FA00}.Release|Any CPU.ActiveCfg = Release|Any CPU
		{0CCFDA86-8811-4C3B-9FC4-29540E66FA00}.Release|Any CPU.Build.0 = Release|Any CPU
	EndGlobalSection
EndGlobal
